
Microsoft Visual Studio Solution File, Format Version 12.00
# Visual Studio Version 17
VisualStudioVersion = 17.11.35219.272
MinimumVisualStudioVersion = 10.0.40219.1
Project("{FAE04EC0-301F-11D3-BF4B-00C04F79EFBC}") = "PrimerProyecto", "PrimerProyecto\PrimerProyecto.csproj", "{77B93EFD-5603-449C-A795-EAE8A5D4A6F6}"
EndProject
Global
	GlobalSection(SolutionConfigurationPlatforms) = preSolution
		Debug|Any CPU = Debug|Any CPU
		Release|Any CPU = Release|Any CPU
	EndGlobalSection
	GlobalSection(ProjectConfigurationPlatforms) = postSolution
		{77B93EFD-5603-449C-A795-EAE8A5D4A6F6}.Debug|Any CPU.ActiveCfg = Debug|Any CPU
		{77B93EFD-5603-449C-A795-EAE8A5D4A6F6}.Debug|Any CPU.Build.0 = Debug|Any CPU
		{77B93EFD-5603-449C-A795-EAE8A5D4A6F6}.Release|Any CPU.ActiveCfg = Release|Any CPU
		{77B93EFD-5603-449C-A795-EAE8A5D4A6F6}.Release|Any CPU.Build.0 = Release|Any CPU
	EndGlobalSection
	GlobalSection(SolutionProperties) = preSolution
		HideSolutionNode = FALSE
	EndGlobalSection
	GlobalSection(ExtensibilityGlobals) = postSolution
		SolutionGuid = {2B3FE373-DAA9-4467-A480-BE6559A53F1A}
	EndGlobalSection
EndGlobal
